
Microsoft Visual Studio Solution File, Format Version 12.00
# Visual Studio Version 16
VisualStudioVersion = 16.0.31402.337
MinimumVisualStudioVersion = 10.0.40219.1
Project("{9A19103F-16F7-4668-BE54-9A1E7A4F7556}") = "ShopOnline.WebApp", "ShopOnline.WebApp\ShopOnline.WebApp.csproj", "{57098E49-8D38-4572-BD96-92A0FFD4CAC3}"
EndProject
Project("{9A19103F-16F7-4668-BE54-9A1E7A4F7556}") = "ShopOnline.Data", "ShopOnline.Data\ShopOnline.Data.csproj", "{CBBAB638-768C-42C5-8B1A-FBB42BDFF79D}"
EndProject
Project("{9A19103F-16F7-4668-BE54-9A1E7A4F7556}") = "ShopOnline.Application", "ShopOnline.Application\ShopOnline.Application.csproj", "{F29FCB9C-3ADA-4424-B950-B81F28A7ABC0}"
EndProject
Project("{9A19103F-16F7-4668-BE54-9A1E7A4F7556}") = "ShopOnline.Utilities", "ShopOnline.Utilities\ShopOnline.Utilities.csproj", "{FE7CB5CA-B1AD-4D5F-92EA-141AD2F9C0F5}"
EndProject
Project("{9A19103F-16F7-4668-BE54-9A1E7A4F7556}") = "ShopOnline.ViewModels", "ShopOnline.ViewModels\ShopOnline.ViewModels.csproj", "{376DD97D-E346-4E2C-98CD-AF8537F9D0A9}"
EndProject
Project("{FAE04EC0-301F-11D3-BF4B-00C04F79EFBC}") = "ShopOnline.BackEndApi", "ShopOnline.BackEndApi\ShopOnline.BackEndApi.csproj", "{771DB040-41BC-4D81-AB8B-D3668B0EF1F5}"
EndProject
Global
	GlobalSection(SolutionConfigurationPlatforms) = preSolution
		Debug|Any CPU = Debug|Any CPU
		Release|Any CPU = Release|Any CPU
	EndGlobalSection
	GlobalSection(ProjectConfigurationPlatforms) = postSolution
		{57098E49-8D38-4572-BD96-92A0FFD4CAC3}.Debug|Any CPU.ActiveCfg = Debug|Any CPU
		{57098E49-8D38-4572-BD96-92A0FFD4CAC3}.Debug|Any CPU.Build.0 = Debug|Any CPU
		{57098E49-8D38-4572-BD96-92A0FFD4CAC3}.Release|Any CPU.ActiveCfg = Release|Any CPU
		{57098E49-8D38-4572-BD96-92A0FFD4CAC3}.Release|Any CPU.Build.0 = Release|Any CPU
		{CBBAB638-768C-42C5-8B1A-FBB42BDFF79D}.Debug|Any CPU.ActiveCfg = Debug|Any CPU
		{CBBAB638-768C-42C5-8B1A-FBB42BDFF79D}.Debug|Any CPU.Build.0 = Debug|Any CPU
		{CBBAB638-768C-42C5-8B1A-FBB42BDFF79D}.Release|Any CPU.ActiveCfg = Release|Any CPU
		{CBBAB638-768C-42C5-8B1A-FBB42BDFF79D}.Release|Any CPU.Build.0 = Release|Any CPU
		{F29FCB9C-3ADA-4424-B950-B81F28A7ABC0}.Debug|Any CPU.ActiveCfg = Debug|Any CPU
		{F29FCB9C-3ADA-4424-B950-B81F28A7ABC0}.Debug|Any CPU.Build.0 = Debug|Any CPU
		{F29FCB9C-3ADA-4424-B950-B81F28A7ABC0}.Release|Any CPU.ActiveCfg = Release|Any CPU
		{F29FCB9C-3ADA-4424-B950-B81F28A7ABC0}.Release|Any CPU.Build.0 = Release|Any CPU
		{FE7CB5CA-B1AD-4D5F-92EA-141AD2F9C0F5}.Debug|Any CPU.ActiveCfg = Debug|Any CPU
		{FE7CB5CA-B1AD-4D5F-92EA-141AD2F9C0F5}.Debug|Any CPU.Build.0 = Debug|Any CPU
		{FE7CB5CA-B1AD-4D5F-92EA-141AD2F9C0F5}.Release|Any CPU.ActiveCfg = Release|Any CPU
		{FE7CB5CA-B1AD-4D5F-92EA-141AD2F9C0F5}.Release|Any CPU.Build.0 = Release|Any CPU
		{376DD97D-E346-4E2C-98CD-AF8537F9D0A9}.Debug|Any CPU.ActiveCfg = Debug|Any CPU
		{376DD97D-E346-4E2C-98CD-AF8537F9D0A9}.Debug|Any CPU.Build.0 = Debug|Any CPU
		{376DD97D-E346-4E2C-98CD-AF8537F9D0A9}.Release|Any CPU.ActiveCfg = Release|Any CPU
		{376DD97D-E346-4E2C-98CD-AF8537F9D0A9}.Release|Any CPU.Build.0 = Release|Any CPU
		{771DB040-41BC-4D81-AB8B-D3668B0EF1F5}.Debug|Any CPU.ActiveCfg = Debug|Any CPU
		{771DB040-41BC-4D81-AB8B-D3668B0EF1F5}.Debug|Any CPU.Build.0 = Debug|Any CPU
		{771DB040-41BC-4D81-AB8B-D3668B0EF1F5}.Release|Any CPU.ActiveCfg = Release|Any CPU
		{771DB040-41BC-4D81-AB8B-D3668B0EF1F5}.Release|Any CPU.Build.0 = Release|Any CPU
	EndGlobalSection
	GlobalSection(SolutionProperties) = preSolution
		HideSolutionNode = FALSE
	EndGlobalSection
	GlobalSection(ExtensibilityGlobals) = postSolution
		SolutionGuid = {3682F49B-0E3D-4006-97C7-32A570BC1BF9}
	EndGlobalSection
EndGlobal
